
Microsoft Visual Studio Solution File, Format Version 12.00
# Visual Studio Version 16
VisualStudioVersion = 16.0.31515.178
MinimumVisualStudioVersion = 10.0.40219.1
Project("{FAE04EC0-301F-11D3-BF4B-00C04F79EFBC}") = "HangmanGame", "HangmanGame\HangmanGame.csproj", "{6F491DD6-F849-46E6-90B5-459EB45D2A59}"
EndProject
Global
	GlobalSection(SolutionConfigurationPlatforms) = preSolution
		Debug|Any CPU = Debug|Any CPU
		Release|Any CPU = Release|Any CPU
	EndGlobalSection
	GlobalSection(ProjectConfigurationPlatforms) = postSolution
		{6F491DD6-F849-46E6-90B5-459EB45D2A59}.Debug|Any CPU.ActiveCfg = Debug|Any CPU
		{6F491DD6-F849-46E6-90B5-459EB45D2A59}.Debug|Any CPU.Build.0 = Debug|Any CPU
		{6F491DD6-F849-46E6-90B5-459EB45D2A59}.Release|Any CPU.ActiveCfg = Release|Any CPU
		{6F491DD6-F849-46E6-90B5-459EB45D2A59}.Release|Any CPU.Build.0 = Release|Any CPU
	EndGlobalSection
	GlobalSection(SolutionProperties) = preSolution
		HideSolutionNode = FALSE
	EndGlobalSection
	GlobalSection(ExtensibilityGlobals) = postSolution
		SolutionGuid = {D998D03B-9C5B-4702-A9FB-16F948DD0051}
	EndGlobalSection
EndGlobal
